
Microsoft Visual Studio Solution File, Format Version 12.00
# Visual Studio 2013
VisualStudioVersion = 12.0.30716.0
MinimumVisualStudioVersion = 10.0.40219.1
Project("{FAE04EC0-301F-11D3-BF4B-00C04F79EFBC}") = "JSON Intellisense", "src\JSON Intellisense.csproj", "{F84E6465-6D2A-4732-9707-5EFBAB8E82C9}"
EndProject
Project("{2150E333-8FDC-42A3-9474-1A3956D46DE8}") = "Solution Items", "Solution Items", "{F81A2A0A-E487-4DEF-A9AC-2CFA173DA9E0}"
	ProjectSection(SolutionItems) = preProject
		.gitignore = .gitignore
		README.md = README.md
	EndProjectSection
EndProject
Global
	GlobalSection(SolutionConfigurationPlatforms) = preSolution
		CI|Any CPU = CI|Any CPU
		Debug|Any CPU = Debug|Any CPU
		Release|Any CPU = Release|Any CPU
	EndGlobalSection
	GlobalSection(ProjectConfigurationPlatforms) = postSolution
		{F84E6465-6D2A-4732-9707-5EFBAB8E82C9}.CI|Any CPU.ActiveCfg = CI|Any CPU
		{F84E6465-6D2A-4732-9707-5EFBAB8E82C9}.CI|Any CPU.Build.0 = CI|Any CPU
		{F84E6465-6D2A-4732-9707-5EFBAB8E82C9}.Debug|Any CPU.ActiveCfg = Debug|Any CPU
		{F84E6465-6D2A-4732-9707-5EFBAB8E82C9}.Debug|Any CPU.Build.0 = Debug|Any CPU
		{F84E6465-6D2A-4732-9707-5EFBAB8E82C9}.Release|Any CPU.ActiveCfg = Release|Any CPU
		{F84E6465-6D2A-4732-9707-5EFBAB8E82C9}.Release|Any CPU.Build.0 = Release|Any CPU
	EndGlobalSection
	GlobalSection(SolutionProperties) = preSolution
		HideSolutionNode = FALSE
	EndGlobalSection
EndGlobal
